
Microsoft Visual Studio Solution File, Format Version 12.00
# Visual Studio 15
VisualStudioVersion = 15.0.28010.2016
MinimumVisualStudioVersion = 10.0.40219.1
Project("{FAE04EC0-301F-11D3-BF4B-00C04F79EFBC}") = "UtilityLibrary", "UtilityLibrary\UtilityLibrary.csproj", "{CC2F14F2-6D8B-4425-834E-51ACCE7F47E0}"
EndProject
Project("{FAE04EC0-301F-11D3-BF4B-00C04F79EFBC}") = "UtilityLibrary.UnitTest", "UtilityLibrary.UnitTest\UtilityLibrary.UnitTest.csproj", "{373AEDDF-4B9E-4DE5-A7DF-98E6BA49F0D0}"
EndProject
Global
	GlobalSection(SolutionConfigurationPlatforms) = preSolution
		Debug|Any CPU = Debug|Any CPU
		Release|Any CPU = Release|Any CPU
	EndGlobalSection
	GlobalSection(ProjectConfigurationPlatforms) = postSolution
		{CC2F14F2-6D8B-4425-834E-51ACCE7F47E0}.Debug|Any CPU.ActiveCfg = Debug|Any CPU
		{CC2F14F2-6D8B-4425-834E-51ACCE7F47E0}.Debug|Any CPU.Build.0 = Debug|Any CPU
		{CC2F14F2-6D8B-4425-834E-51ACCE7F47E0}.Release|Any CPU.ActiveCfg = Release|Any CPU
		{CC2F14F2-6D8B-4425-834E-51ACCE7F47E0}.Release|Any CPU.Build.0 = Release|Any CPU
		{373AEDDF-4B9E-4DE5-A7DF-98E6BA49F0D0}.Debug|Any CPU.ActiveCfg = Debug|Any CPU
		{373AEDDF-4B9E-4DE5-A7DF-98E6BA49F0D0}.Debug|Any CPU.Build.0 = Debug|Any CPU
		{373AEDDF-4B9E-4DE5-A7DF-98E6BA49F0D0}.Release|Any CPU.ActiveCfg = Release|Any CPU
		{373AEDDF-4B9E-4DE5-A7DF-98E6BA49F0D0}.Release|Any CPU.Build.0 = Release|Any CPU
	EndGlobalSection
	GlobalSection(SolutionProperties) = preSolution
		HideSolutionNode = FALSE
	EndGlobalSection
	GlobalSection(ExtensibilityGlobals) = postSolution
		SolutionGuid = {C0EBC370-75D7-4E23-BAAB-021AA3EB4C9A}
	EndGlobalSection
EndGlobal
